PODS:
  - agora_rtc_engine (6.3.0):
    - AgoraIrisRTC_iOS (= 4.3.0-build.2)
    - AgoraRtcEngine_iOS (= 4.3.0)
    - Flutter
  - AgoraIrisRTC_iOS (4.3.0-build.2)
  - AgoraRtcEngine_iOS (4.3.0):
    - AgoraRtcEngine_iOS/AIAEC (= 4.3.0)
    - AgoraRtcEngine_iOS/AINS (= 4.3.0)
    - AgoraRtcEngine_iOS/AudioBeauty (= 4.3.0)
    - AgoraRtcEngine_iOS/ClearVision (= 4.3.0)
    - AgoraRtcEngine_iOS/ContentInspect (= 4.3.0)
    - AgoraRtcEngine_iOS/FaceCapture (= 4.3.0)
    - AgoraRtcEngine_iOS/FaceDetection (= 4.3.0)
    - AgoraRtcEngine_iOS/ReplayKit (= 4.3.0)
    - AgoraRtcEngine_iOS/RtcBasic (= 4.3.0)
    - AgoraRtcEngine_iOS/SpatialAudio (= 4.3.0)
    - AgoraRtcEngine_iOS/VideoAv1CodecDec (= 4.3.0)
    - AgoraRtcEngine_iOS/VideoCodecDec (= 4.3.0)
    - AgoraRtcEngine_iOS/VideoCodecEnc (= 4.3.0)
    - AgoraRtcEngine_iOS/VirtualBackground (= 4.3.0)
    - AgoraRtcEngine_iOS/VQA (= 4.3.0)
  - AgoraRtcEngine_iOS/AIAEC (4.3.0)
  - AgoraRtcEngine_iOS/AINS (4.3.0)
  - AgoraRtcEngine_iOS/AudioBeauty (4.3.0)
  - AgoraRtcEngine_iOS/ClearVision (4.3.0)
  - AgoraRtcEngine_iOS/ContentInspect (4.3.0)
  - AgoraRtcEngine_iOS/FaceCapture (4.3.0)
  - AgoraRtcEngine_iOS/FaceDetection (4.3.0)
  - AgoraRtcEngine_iOS/ReplayKit (4.3.0)
  - AgoraRtcEngine_iOS/RtcBasic (4.3.0)
  - AgoraRtcEngine_iOS/SpatialAudio (4.3.0)
  - AgoraRtcEngine_iOS/VideoAv1CodecDec (4.3.0)
  - AgoraRtcEngine_iOS/VideoCodecDec (4.3.0)
  - AgoraRtcEngine_iOS/VideoCodecEnc (4.3.0)
  - AgoraRtcEngine_iOS/VirtualBackground (4.3.0)
  - AgoraRtcEngine_iOS/VQA (4.3.0)
  - audioplayers_darwin (0.0.1):
    - Flutter
  - DKImagePickerController/Core (4.3.9):
    - DKImagePickerController/ImageDataManager
    - DKImagePickerController/Resource
  - DKImagePickerController/ImageDataManager (4.3.9)
  - DKImagePickerController/PhotoGallery (4.3.9):
    - DKImagePickerController/Core
    - DKPhotoGallery
  - DKImagePickerController/Resource (4.3.9)
  - DKPhotoGallery (0.0.19):
    - DKPhotoGallery/Core (= 0.0.19)
    - DKPhotoGallery/Model (= 0.0.19)
    - DKPhotoGallery/Preview (= 0.0.19)
    - DKPhotoGallery/Resource (= 0.0.19)
    - SDWebImage
    - SwiftyGif
  - DKPhotoGallery/Core (0.0.19):
    - DKPhotoGallery/Model
    - DKPhotoGallery/Preview
    - SDWebImage
    - SwiftyGif
  - DKPhotoGallery/Model (0.0.19):
    - SDWebImage
    - SwiftyGif
  - DKPhotoGallery/Preview (0.0.19):
    - DKPhotoGallery/Model
    - DKPhotoGallery/Resource
    - SDWebImage
    - SwiftyGif
  - DKPhotoGallery/Resource (0.0.19):
    - SDWebImage
    - SwiftyGif
  - em_chat_callkit (0.0.1):
    - Flutter
  - em_chat_uikit (0.0.1):
    - Flutter
  - file_picker (0.0.1):
    - DKImagePickerController/PhotoGallery
    - Flutter
  - Flutter (1.0.0)
  - flutter_localization (0.0.1):
    - Flutter
  - flutter_ringtone_player (0.0.1):
    - Flutter
  - flutter_sound_record (0.0.1):
    - Flutter
  - HyphenateChat (4.7.0)
  - im_flutter_sdk (0.0.1):
    - Flutter
    - HyphenateChat (= 4.7.0)
  - image_cropper (0.0.4):
    - Flutter
    - TOCropViewController (~> 2.6.1)
  - image_gallery_saver (2.0.2):
    - Flutter
  - image_picker_ios (0.0.1):
    - Flutter
  - iris_method_channel (0.0.1):
    - Flutter
  - libwebp (1.3.2):
    - libwebp/demux (= 1.3.2)
    - libwebp/mux (= 1.3.2)
    - libwebp/sharpyuv (= 1.3.2)
    - libwebp/webp (= 1.3.2)
  - libwebp/demux (1.3.2):
    - libwebp/webp
  - libwebp/mux (1.3.2):
    - libwebp/demux
  - libwebp/sharpyuv (1.3.2)
  - libwebp/webp (1.3.2):
    - libwebp/sharpyuv
  - open_file (0.0.1):
    - Flutter
  - path_provider_foundation (0.0.1):
    - Flutter
    - FlutterMacOS
  - permission_handler_apple (9.1.1):
    - Flutter
  - SDWebImage (5.19.2):
    - SDWebImage/Core (= 5.19.2)
  - SDWebImage/Core (5.19.2)
  - shared_preferences_foundation (0.0.1):
    - Flutter
    - FlutterMacOS
  - sqflite (0.0.3):
    - Flutter
    - FlutterMacOS
  - SwiftyGif (5.4.5)
  - TOCropViewController (2.6.1)
  - url_launcher_ios (0.0.1):
    - Flutter
  - video_player_avfoundation (0.0.1):
    - Flutter
    - FlutterMacOS
  - video_thumbnail (0.0.1):
    - Flutter
    - libwebp

DEPENDENCIES:
  - agora_rtc_engine (from `.symlinks/plugins/agora_rtc_engine/ios`)
  - audioplayers_darwin (from `.symlinks/plugins/audioplayers_darwin/ios`)
  - em_chat_callkit (from `.symlinks/plugins/em_chat_callkit/ios`)
  - em_chat_uikit (from `.symlinks/plugins/em_chat_uikit/ios`)
  - file_picker (from `.symlinks/plugins/file_picker/ios`)
  - Flutter (from `Flutter`)
  - flutter_localization (from `.symlinks/plugins/flutter_localization/ios`)
  - flutter_ringtone_player (from `.symlinks/plugins/flutter_ringtone_player/ios`)
  - flutter_sound_record (from `.symlinks/plugins/flutter_sound_record/ios`)
  - im_flutter_sdk (from `.symlinks/plugins/im_flutter_sdk/ios`)
  - image_cropper (from `.symlinks/plugins/image_cropper/ios`)
  - image_gallery_saver (from `.symlinks/plugins/image_gallery_saver/ios`)
  - image_picker_ios (from `.symlinks/plugins/image_picker_ios/ios`)
  - iris_method_channel (from `.symlinks/plugins/iris_method_channel/ios`)
  - open_file (from `.symlinks/plugins/open_file/ios`)
  - path_provider_foundation (from `.symlinks/plugins/path_provider_foundation/darwin`)
  - permission_handler_apple (from `.symlinks/plugins/permission_handler_apple/ios`)
  - shared_preferences_foundation (from `.symlinks/plugins/shared_preferences_foundation/darwin`)
  - sqflite (from `.symlinks/plugins/sqflite/darwin`)
  - url_launcher_ios (from `.symlinks/plugins/url_launcher_ios/ios`)
  - video_player_avfoundation (from `.symlinks/plugins/video_player_avfoundation/darwin`)
  - video_thumbnail (from `.symlinks/plugins/video_thumbnail/ios`)

SPEC REPOS:
  trunk:
    - AgoraIrisRTC_iOS
    - AgoraRtcEngine_iOS
    - DKImagePickerController
    - DKPhotoGallery
    - HyphenateChat
    - libwebp
    - SDWebImage
    - SwiftyGif
    - TOCropViewController

EXTERNAL SOURCES:
  agora_rtc_engine:
    :path: ".symlinks/plugins/agora_rtc_engine/ios"
  audioplayers_darwin:
    :path: ".symlinks/plugins/audioplayers_darwin/ios"
  em_chat_callkit:
    :path: ".symlinks/plugins/em_chat_callkit/ios"
  em_chat_uikit:
    :path: ".symlinks/plugins/em_chat_uikit/ios"
  file_picker:
    :path: ".symlinks/plugins/file_picker/ios"
  Flutter:
    :path: Flutter
  flutter_localization:
    :path: ".symlinks/plugins/flutter_localization/ios"
  flutter_ringtone_player:
    :path: ".symlinks/plugins/flutter_ringtone_player/ios"
  flutter_sound_record:
    :path: ".symlinks/plugins/flutter_sound_record/ios"
  im_flutter_sdk:
    :path: ".symlinks/plugins/im_flutter_sdk/ios"
  image_cropper:
    :path: ".symlinks/plugins/image_cropper/ios"
  image_gallery_saver:
    :path: ".symlinks/plugins/image_gallery_saver/ios"
  image_picker_ios:
    :path: ".symlinks/plugins/image_picker_ios/ios"
  iris_method_channel:
    :path: ".symlinks/plugins/iris_method_channel/ios"
  open_file:
    :path: ".symlinks/plugins/open_file/ios"
  path_provider_foundation:
    :path: ".symlinks/plugins/path_provider_foundation/darwin"
  permission_handler_apple:
    :path: ".symlinks/plugins/permission_handler_apple/ios"
  shared_preferences_foundation:
    :path: ".symlinks/plugins/shared_preferences_foundation/darwin"
  sqflite:
    :path: ".symlinks/plugins/sqflite/darwin"
  url_launcher_ios:
    :path: ".symlinks/plugins/url_launcher_ios/ios"
  video_player_avfoundation:
    :path: ".symlinks/plugins/video_player_avfoundation/darwin"
  video_thumbnail:
    :path: ".symlinks/plugins/video_thumbnail/ios"

SPEC CHECKSUMS:
  agora_rtc_engine: f737aeb9ac7fdfcfda875d0d0125eedaa09602f9
  AgoraIrisRTC_iOS: 2caf892fa827777fe43b6ac7d12e9b42579eb865
  AgoraRtcEngine_iOS: 267c0980c1fb97e056d05b850f8629b05b6e467a
  audioplayers_darwin: 877d9a4d06331c5c374595e46e16453ac7eafa40
  DKImagePickerController: 946cec48c7873164274ecc4624d19e3da4c1ef3c
  DKPhotoGallery: b3834fecb755ee09a593d7c9e389d8b5d6deed60
  em_chat_callkit: 08f67ef7c3f470991003f71ac34bf8b5eb519260
  em_chat_uikit: 92556d018d33a4e763e25609e3f12fda03d6b347
  file_picker: 15fd9539e4eb735dc54bae8c0534a7a9511a03de
  Flutter: e0871f40cf51350855a761d2e70bf5af5b9b5de7
  flutter_localization: f43b18844a2b3d2c71fd64f04ffd6b1e64dd54d4
  flutter_ringtone_player: 15eba85187230b87b2512f0e1b92225618bc03e7
  flutter_sound_record: fa9800029599bccfaa8be22cc372550a5fa505ac
  HyphenateChat: 0d76f40cec79d084a2c1133e43987e7379124694
  im_flutter_sdk: fcff186ef0acfb1e7b0e9ba6c5260d0f2278ede8
  image_cropper: a3291c624a953049bc6a02e1f8c8ceb162a24b25
  image_gallery_saver: cb43cc43141711190510e92c460eb1655cd343cb
  image_picker_ios: b545a5f16c0fa88e3ecbbce3ed4de45567a8ec18
  iris_method_channel: 0617c689164d8154c020c50f63ca79f92b8a7b9d
  libwebp: 1786c9f4ff8a279e4dac1e8f385004d5fc253009
  open_file: 02eb5cb6b21264bd3a696876f5afbfb7ca4f4b7d
  path_provider_foundation: 3784922295ac71e43754bd15e0653ccfd36a147c
  permission_handler_apple: e76247795d700c14ea09e3a2d8855d41ee80a2e6
  SDWebImage: dfe95b2466a9823cf9f0c6d01217c06550d7b29a
  shared_preferences_foundation: b4c3b4cddf1c21f02770737f147a3f5da9d39695
  sqflite: 673a0e54cc04b7d6dba8d24fb8095b31c3a99eec
  SwiftyGif: 706c60cf65fa2bc5ee0313beece843c8eb8194d4
  TOCropViewController: edfd4f25713d56905ad1e0b9f5be3fbe0f59c863
  url_launcher_ios: 6116280ddcfe98ab8820085d8d76ae7449447586
  video_player_avfoundation: 02011213dab73ae3687df27ce441fbbcc82b5579
  video_thumbnail: c4e2a3c539e247d4de13cd545344fd2d26ffafd1

PODFILE CHECKSUM: 7be2f5f74864d463a8ad433546ed1de7e0f29aef

COCOAPODS: 1.11.3
